<?xml version="1.0" encoding="utf-8"?>
<Project ToolsVersion="4.0" xmlns="http://schemas.microsoft.com/developer/msbuild/2003">
  <ItemGroup>
    <Filter Include="Source Files">
      <UniqueIdentifier>{4FC737F1-C7A5-4376-A066-2A32D752A2FF}</UniqueIdentifier>
      <Extensions>cpp;c;cc;cxx;def;odl;idl;hpj;bat;asm;asmx</Extensions>
    </Filter>
    <Filter Include="Header Files">
      <UniqueIdentifier>{93995380-89BD-4b04-88EB-625FBE52EBFB}</UniqueIdentifier>
      <Extensions>h;hh;hpp;hxx;hm;inl;inc;xsd</Extensions>
    </Filter>
    <Filter Include="Resource Files">
      <UniqueIdentifier>{D9D6E242-F8AF-46E4-B9FD-80ECBC20BA3E}</UniqueIdentifier>
      <Extensions>qrc;*</Extensions>
      <ParseFiles>false</ParseFiles>
    </Filter>
    <Filter Include="Form Files">
      <UniqueIdentifier>{99349809-55BA-4b9d-BF79-8FDBB0286EB3}</UniqueIdentifier>
      <Extensions>ui</Extensions>
    </Filter>
    <Filter Include="Resource Files">
      <UniqueIdentifier>{D9D6E242-F8AF-46E4-B9FD-80ECBC20BA3E}</UniqueIdentifier>
      <Extensions>qrc;*</Extensions>
      <ParseFiles>false</ParseFiles>
    </Filter>
  </ItemGroup>
  <ItemGroup>
    <ClCompile Include="main.cpp">
      <Filter>Source Files</Filter>
    </ClCompile>
    <ClCompile Include="QtGuiBrg1Demo.cpp">
      <Filter>Source Files</Filter>
    </ClCompile>
    <ClCompile Include="TestRoutines.cpp">
      <Filter>Source Files</Filter>
    </ClCompile>
    <ClCompile Include="Utility.cpp">
      <Filter>Source Files</Filter>
    </ClCompile>
    <ClCompile Include="Functions.cpp">
      <Filter>Source Files</Filter>
    </ClCompile>
    <ClCompile Include="ENO_Derivative.cpp">
      <Filter>Source Files</Filter>
    </ClCompile>
    <ClCompile Include="brg_UtilityFct.cpp">
      <Filter>Source Files</Filter>
    </ClCompile>
    <ClCompile Include="brg_testRoutines.cpp">
      <Filter>Source Files</Filter>
    </ClCompile>
    <ClCompile Include="brg_SimulationParams.cpp">
      <Filter>Source Files</Filter>
    </ClCompile>
  </ItemGroup>
  <ItemGroup>
    <QtMoc Include="QtGuiBrg1Demo.h">
      <Filter>Header Files</Filter>
    </QtMoc>
  </ItemGroup>
  <ItemGroup>
    <QtUic Include="QtGuiBrg1Demo.ui">
      <Filter>Form Files</Filter>
    </QtUic>
  </ItemGroup>
  <ItemGroup>
    <QtRcc Include="QtGuiBrg1Demo.qrc">
      <Filter>Resource Files</Filter>
    </QtRcc>
  </ItemGroup>
  <ItemGroup>
    <ClInclude Include="burger.h">
      <Filter>Header Files</Filter>
    </ClInclude>
    <ClInclude Include="Brg_Singleton.hpp">
      <Filter>Header Files</Filter>
    </ClInclude>
    <ClInclude Include="brg_UtilityFct.h">
      <Filter>Header Files</Filter>
    </ClInclude>
    <ClInclude Include="brg_testRoutines.h">
      <Filter>Header Files</Filter>
    </ClInclude>
    <ClInclude Include="NumericalVector.h">
      <Filter>Header Files</Filter>
    </ClInclude>
    <ClInclude Include="brg_SimulationParams.h">
      <Filter>Header Files</Filter>
    </ClInclude>
    <ClInclude Include="brg_FiniteDifferenceDerivative.h">
      <Filter>Header Files</Filter>
    </ClInclude>
    <ClInclude Include="brg_FiniteDifferenceModel.h">
      <Filter>Header Files</Filter>
    </ClInclude>
    <ClInclude Include="brg_Burger1DEquations.h">
      <Filter>Header Files</Filter>
    </ClInclude>
  </ItemGroup>
</Project>